
Microsoft Visual Studio Solution File, Format Version 12.00
# Visual Studio Version 17
VisualStudioVersion = 17.9.34407.89
MinimumVisualStudioVersion = 10.0.40219.1
Project("{FAE04EC0-301F-11D3-BF4B-00C04F79EFBC}") = "KernelMemoryLlama2Lab", "KernelMemoryLlama2Lab\KernelMemoryLlama2Lab.csproj", "{AC2CC005-515E-40AA-A642-71AB4FC3C460}"
EndProject
Global
	GlobalSection(SolutionConfigurationPlatforms) = preSolution
		Debug|Any CPU = Debug|Any CPU
		Release|Any CPU = Release|Any CPU
	EndGlobalSection
	GlobalSection(ProjectConfigurationPlatforms) = postSolution
		{AC2CC005-515E-40AA-A642-71AB4FC3C460}.Debug|Any CPU.ActiveCfg = Debug|Any CPU
		{AC2CC005-515E-40AA-A642-71AB4FC3C460}.Debug|Any CPU.Build.0 = Debug|Any CPU
		{AC2CC005-515E-40AA-A642-71AB4FC3C460}.Release|Any CPU.ActiveCfg = Release|Any CPU
		{AC2CC005-515E-40AA-A642-71AB4FC3C460}.Release|Any CPU.Build.0 = Release|Any CPU
	EndGlobalSection
	GlobalSection(SolutionProperties) = preSolution
		HideSolutionNode = FALSE
	EndGlobalSection
	GlobalSection(ExtensibilityGlobals) = postSolution
		SolutionGuid = {AFEC7A16-25AA-4E9C-9622-7DCDA5E15FFD}
	EndGlobalSection
EndGlobal
